
Microsoft Visual Studio Solution File, Format Version 12.00
# Visual Studio Version 17
VisualStudioVersion = 17.3.32929.385
MinimumVisualStudioVersion = 10.0.40219.1
Project("{9A19103F-16F7-4668-BE54-9A1E7A4F7556}") = "Draw.Api", "Draw.Api\Draw.Api.csproj", "{BF0E5099-860B-457E-9875-E9AFD470C7B6}"
EndProject
Project("{9A19103F-16F7-4668-BE54-9A1E7A4F7556}") = "Draw.DataAccess", "Draw.DataAccess\Draw.DataAccess.csproj", "{A5D4CBBF-0BB6-421D-8FCB-E4BCCAD05DFF}"
EndProject
Project("{9A19103F-16F7-4668-BE54-9A1E7A4F7556}") = "Draw.DrawManager", "Draw.DrawManager\Draw.DrawManager.csproj", "{B6CBE4F9-DEDB-45AE-B9FD-CECFAD6EB51E}"
EndProject
Project("{9A19103F-16F7-4668-BE54-9A1E7A4F7556}") = "Draw.Business", "Draw.Business\Draw.Business.csproj", "{4CDCDF53-9366-44DD-ACE2-DB02FFFAF9D4}"
EndProject
Project("{9A19103F-16F7-4668-BE54-9A1E7A4F7556}") = "Draw.DrawManager.Tests", "Draw.DrawManager.Tests\Draw.DrawManager.Tests.csproj", "{2180F4A6-8B00-4AD5-AE17-4406ACB17E1A}"
EndProject
Project("{9A19103F-16F7-4668-BE54-9A1E7A4F7556}") = "Draw.Core", "Draw.Core\Draw.Core.csproj", "{D1B1A7C6-1637-491F-AB15-D0C220F7133E}"
EndProject
Project("{9A19103F-16F7-4668-BE54-9A1E7A4F7556}") = "Draw.Entities", "Draw.Entities\Draw.Entities.csproj", "{EA1591C0-792B-4FB9-BE8F-D25E5D92CC4D}"
EndProject
Project("{9A19103F-16F7-4668-BE54-9A1E7A4F7556}") = "Draw.DataAccess.Tests", "Draw.DataAccess.Tests\Draw.DataAccess.Tests.csproj", "{873A43DA-5DD7-43E6-B30C-36122D4F2957}"
EndProject
Project("{FAE04EC0-301F-11D3-BF4B-00C04F79EFBC}") = "Draw.Core.Tests", "Draw.Core.Tests\Draw.Core.Tests.csproj", "{B1565FE6-F715-49C0-9DAB-785EBA705C1C}"
EndProject
Global
	GlobalSection(SolutionConfigurationPlatforms) = preSolution
		Debug|Any CPU = Debug|Any CPU
		Release|Any CPU = Release|Any CPU
	EndGlobalSection
	GlobalSection(ProjectConfigurationPlatforms) = postSolution
		{BF0E5099-860B-457E-9875-E9AFD470C7B6}.Debug|Any CPU.ActiveCfg = Debug|Any CPU
		{BF0E5099-860B-457E-9875-E9AFD470C7B6}.Debug|Any CPU.Build.0 = Debug|Any CPU
		{BF0E5099-860B-457E-9875-E9AFD470C7B6}.Release|Any CPU.ActiveCfg = Release|Any CPU
		{BF0E5099-860B-457E-9875-E9AFD470C7B6}.Release|Any CPU.Build.0 = Release|Any CPU
		{A5D4CBBF-0BB6-421D-8FCB-E4BCCAD05DFF}.Debug|Any CPU.ActiveCfg = Debug|Any CPU
		{A5D4CBBF-0BB6-421D-8FCB-E4BCCAD05DFF}.Debug|Any CPU.Build.0 = Debug|Any CPU
		{A5D4CBBF-0BB6-421D-8FCB-E4BCCAD05DFF}.Release|Any CPU.ActiveCfg = Release|Any CPU
		{A5D4CBBF-0BB6-421D-8FCB-E4BCCAD05DFF}.Release|Any CPU.Build.0 = Release|Any CPU
		{B6CBE4F9-DEDB-45AE-B9FD-CECFAD6EB51E}.Debug|Any CPU.ActiveCfg = Debug|Any CPU
		{B6CBE4F9-DEDB-45AE-B9FD-CECFAD6EB51E}.Debug|Any CPU.Build.0 = Debug|Any CPU
		{B6CBE4F9-DEDB-45AE-B9FD-CECFAD6EB51E}.Release|Any CPU.ActiveCfg = Release|Any CPU
		{B6CBE4F9-DEDB-45AE-B9FD-CECFAD6EB51E}.Release|Any CPU.Build.0 = Release|Any CPU
		{4CDCDF53-9366-44DD-ACE2-DB02FFFAF9D4}.Debug|Any CPU.ActiveCfg = Debug|Any CPU
		{4CDCDF53-9366-44DD-ACE2-DB02FFFAF9D4}.Debug|Any CPU.Build.0 = Debug|Any CPU
		{4CDCDF53-9366-44DD-ACE2-DB02FFFAF9D4}.Release|Any CPU.ActiveCfg = Release|Any CPU
		{4CDCDF53-9366-44DD-ACE2-DB02FFFAF9D4}.Release|Any CPU.Build.0 = Release|Any CPU
		{2180F4A6-8B00-4AD5-AE17-4406ACB17E1A}.Debug|Any CPU.ActiveCfg = Debug|Any CPU
		{2180F4A6-8B00-4AD5-AE17-4406ACB17E1A}.Debug|Any CPU.Build.0 = Debug|Any CPU
		{2180F4A6-8B00-4AD5-AE17-4406ACB17E1A}.Release|Any CPU.ActiveCfg = Release|Any CPU
		{2180F4A6-8B00-4AD5-AE17-4406ACB17E1A}.Release|Any CPU.Build.0 = Release|Any CPU
		{D1B1A7C6-1637-491F-AB15-D0C220F7133E}.Debug|Any CPU.ActiveCfg = Debug|Any CPU
		{D1B1A7C6-1637-491F-AB15-D0C220F7133E}.Debug|Any CPU.Build.0 = Debug|Any CPU
		{D1B1A7C6-1637-491F-AB15-D0C220F7133E}.Release|Any CPU.ActiveCfg = Release|Any CPU
		{D1B1A7C6-1637-491F-AB15-D0C220F7133E}.Release|Any CPU.Build.0 = Release|Any CPU
		{EA1591C0-792B-4FB9-BE8F-D25E5D92CC4D}.Debug|Any CPU.ActiveCfg = Debug|Any CPU
		{EA1591C0-792B-4FB9-BE8F-D25E5D92CC4D}.Debug|Any CPU.Build.0 = Debug|Any CPU
		{EA1591C0-792B-4FB9-BE8F-D25E5D92CC4D}.Release|Any CPU.ActiveCfg = Release|Any CPU
		{EA1591C0-792B-4FB9-BE8F-D25E5D92CC4D}.Release|Any CPU.Build.0 = Release|Any CPU
		{873A43DA-5DD7-43E6-B30C-36122D4F2957}.Debug|Any CPU.ActiveCfg = Debug|Any CPU
		{873A43DA-5DD7-43E6-B30C-36122D4F2957}.Debug|Any CPU.Build.0 = Debug|Any CPU
		{873A43DA-5DD7-43E6-B30C-36122D4F2957}.Release|Any CPU.ActiveCfg = Release|Any CPU
		{873A43DA-5DD7-43E6-B30C-36122D4F2957}.Release|Any CPU.Build.0 = Release|Any CPU
		{B1565FE6-F715-49C0-9DAB-785EBA705C1C}.Debug|Any CPU.ActiveCfg = Debug|Any CPU
		{B1565FE6-F715-49C0-9DAB-785EBA705C1C}.Debug|Any CPU.Build.0 = Debug|Any CPU
		{B1565FE6-F715-49C0-9DAB-785EBA705C1C}.Release|Any CPU.ActiveCfg = Release|Any CPU
		{B1565FE6-F715-49C0-9DAB-785EBA705C1C}.Release|Any CPU.Build.0 = Release|Any CPU
	EndGlobalSection
	GlobalSection(SolutionProperties) = preSolution
		HideSolutionNode = FALSE
	EndGlobalSection
	GlobalSection(ExtensibilityGlobals) = postSolution
		SolutionGuid = {6D78FA51-3D00-4A89-BE46-6AB5059084B3}
	EndGlobalSection
EndGlobal
